
Microsoft Visual Studio Solution File, Format Version 12.00
# Visual Studio Version 17
VisualStudioVersion = 17.12.35506.116 d17.12
MinimumVisualStudioVersion = 10.0.40219.1
Project("{FAE04EC0-301F-11D3-BF4B-00C04F79EFBC}") = "MyServicesTelegramBotWebHook", "MyServicesTelegramBotWebHook.csproj", "{716D65F4-7168-41BD-BC81-9A89B9E121E6}"
EndProject
Project("{FAE04EC0-301F-11D3-BF4B-00C04F79EFBC}") = "MyServicesTelegramBotApiConnect", "..\MyServicesTelegramBotApiConnect\MyServicesTelegramBotApiConnect.csproj", "{6593D308-B36D-4A59-9C7A-987A2CDB6E0E}"
EndProject
Project("{FAE04EC0-301F-11D3-BF4B-00C04F79EFBC}") = "MyServicesTelegramBotDTO", "..\MyServicesTelegramBotDTO\MyServicesTelegramBotDTO.csproj", "{9FFB379C-CA01-48EA-B521-282F51A90486}"
EndProject
Project("{FAE04EC0-301F-11D3-BF4B-00C04F79EFBC}") = "MyServiceTelegramBotScreens", "..\MyServiceTelegramBotScreens\MyServiceTelegramBotScreens.csproj", "{27F0C0D7-18F4-4BED-974F-A571D78A7BCE}"
EndProject
Global
	GlobalSection(SolutionConfigurationPlatforms) = preSolution
		Debug|Any CPU = Debug|Any CPU
		Release|Any CPU = Release|Any CPU
	EndGlobalSection
	GlobalSection(ProjectConfigurationPlatforms) = postSolution
		{716D65F4-7168-41BD-BC81-9A89B9E121E6}.Debug|Any CPU.ActiveCfg = Debug|Any CPU
		{716D65F4-7168-41BD-BC81-9A89B9E121E6}.Debug|Any CPU.Build.0 = Debug|Any CPU
		{716D65F4-7168-41BD-BC81-9A89B9E121E6}.Release|Any CPU.ActiveCfg = Release|Any CPU
		{716D65F4-7168-41BD-BC81-9A89B9E121E6}.Release|Any CPU.Build.0 = Release|Any CPU
		{6593D308-B36D-4A59-9C7A-987A2CDB6E0E}.Debug|Any CPU.ActiveCfg = Debug|Any CPU
		{6593D308-B36D-4A59-9C7A-987A2CDB6E0E}.Debug|Any CPU.Build.0 = Debug|Any CPU
		{6593D308-B36D-4A59-9C7A-987A2CDB6E0E}.Release|Any CPU.ActiveCfg = Release|Any CPU
		{6593D308-B36D-4A59-9C7A-987A2CDB6E0E}.Release|Any CPU.Build.0 = Release|Any CPU
		{9FFB379C-CA01-48EA-B521-282F51A90486}.Debug|Any CPU.ActiveCfg = Debug|Any CPU
		{9FFB379C-CA01-48EA-B521-282F51A90486}.Debug|Any CPU.Build.0 = Debug|Any CPU
		{9FFB379C-CA01-48EA-B521-282F51A90486}.Release|Any CPU.ActiveCfg = Release|Any CPU
		{9FFB379C-CA01-48EA-B521-282F51A90486}.Release|Any CPU.Build.0 = Release|Any CPU
		{27F0C0D7-18F4-4BED-974F-A571D78A7BCE}.Debug|Any CPU.ActiveCfg = Debug|Any CPU
		{27F0C0D7-18F4-4BED-974F-A571D78A7BCE}.Debug|Any CPU.Build.0 = Debug|Any CPU
		{27F0C0D7-18F4-4BED-974F-A571D78A7BCE}.Release|Any CPU.ActiveCfg = Release|Any CPU
		{27F0C0D7-18F4-4BED-974F-A571D78A7BCE}.Release|Any CPU.Build.0 = Release|Any CPU
	EndGlobalSection
	GlobalSection(SolutionProperties) = preSolution
		HideSolutionNode = FALSE
	EndGlobalSection
EndGlobal
